<?xml version="1.0" encoding="utf-8"?>
<Project ToolsVersion="4.0" xmlns="http://schemas.microsoft.com/developer/msbuild/2003">
  <ItemGroup>
    <Filter Include="Source Files">
      <UniqueIdentifier>{4FC737F1-C7A5-4376-A066-2A32D752A2FF}</UniqueIdentifier>
      <Extensions>cpp;c;cc;cxx;def;odl;idl;hpj;bat;asm;asmx</Extensions>
    </Filter>
    <Filter Include="Header Files">
      <UniqueIdentifier>{93995380-89BD-4b04-88EB-625FBE52EBFB}</UniqueIdentifier>
      <Extensions>h;hh;hpp;hxx;hm;inl;inc;ipp;xsd</Extensions>
    </Filter>
    <Filter Include="Resource Files">
      <UniqueIdentifier>{67DA6AB6-F800-4c08-8B7A-83BB121AAD01}</UniqueIdentifier>
      <Extensions>rc;ico;cur;bmp;dlg;rc2;rct;bin;rgs;gif;jpg;jpeg;jpe;resx;tiff;tif;png;wav;mfcribbon-ms</Extensions>
    </Filter>
    <Filter Include="XMLLoader">
      <UniqueIdentifier>{6c6f3d4a-7cb6-4363-afd4-e04277ecd53a}</UniqueIdentifier>
    </Filter>
    <Filter Include="Source Files\Actor">
      <UniqueIdentifier>{c7d8aba5-7ef4-4977-a691-7025bbeb3187}</UniqueIdentifier>
    </Filter>
    <Filter Include="Source Files\Engine">
      <UniqueIdentifier>{0e90c133-3717-4559-9078-abca49340792}</UniqueIdentifier>
    </Filter>
    <Filter Include="Source Files\Component">
      <UniqueIdentifier>{4a443fb3-de16-4171-b991-839ba75932b9}</UniqueIdentifier>
    </Filter>
  </ItemGroup>
  <ItemGroup>
    <ClCompile Include="..\..\main.cpp">
      <Filter>Source Files</Filter>
    </ClCompile>
    <ClCompile Include="..\..\..\Libs\tinyxml\tinyxmlparser.cpp">
      <Filter>XMLLoader</Filter>
    </ClCompile>
    <ClCompile Include="..\..\..\Libs\tinyxml\tinystr.cpp">
      <Filter>XMLLoader</Filter>
    </ClCompile>
    <ClCompile Include="..\..\..\Libs\tinyxml\tinyxml.cpp">
      <Filter>XMLLoader</Filter>
    </ClCompile>
    <ClCompile Include="..\..\..\Libs\tinyxml\tinyxmlerror.cpp">
      <Filter>XMLLoader</Filter>
    </ClCompile>
    <ClCompile Include="..\..\Actors\RenderableActor.cpp">
      <Filter>Source Files\Actor</Filter>
    </ClCompile>
    <ClCompile Include="..\..\Actors\Character.cpp">
      <Filter>Source Files\Actor</Filter>
    </ClCompile>
    <ClCompile Include="..\..\Actors\Enemy.cpp">
      <Filter>Source Files\Actor</Filter>
    </ClCompile>
    <ClCompile Include="..\..\Actors\Floor.cpp">
      <Filter>Source Files\Actor</Filter>
    </ClCompile>
    <ClCompile Include="..\..\Actors\LevelManager.cpp">
      <Filter>Source Files\Actor</Filter>
    </ClCompile>
    <ClCompile Include="..\..\Actors\Player.cpp">
      <Filter>Source Files\Actor</Filter>
    </ClCompile>
    <ClCompile Include="..\..\Actors\Projectile.cpp">
      <Filter>Source Files\Actor</Filter>
    </ClCompile>
    <ClCompile Include="..\..\Actors\Timer.cpp">
      <Filter>Source Files\Actor</Filter>
    </ClCompile>
    <ClCompile Include="..\..\Actors\Wall.cpp">
      <Filter>Source Files\Actor</Filter>
    </ClCompile>
    <ClCompile Include="..\..\Initializer.cpp">
      <Filter>Source Files\Engine</Filter>
    </ClCompile>
    <ClCompile Include="..\..\Engines\AudioEngine.cpp">
      <Filter>Source Files\Engine</Filter>
    </ClCompile>
    <ClCompile Include="..\..\Engines\Game.cpp">
      <Filter>Source Files\Engine</Filter>
    </ClCompile>
    <ClCompile Include="..\..\Engines\GraphicEngine.cpp">
      <Filter>Source Files\Engine</Filter>
    </ClCompile>
    <ClCompile Include="..\..\Engines\InputCommand.cpp">
      <Filter>Source Files\Engine</Filter>
    </ClCompile>
    <ClCompile Include="..\..\Engines\PhysicsEngine.cpp">
      <Filter>Source Files\Engine</Filter>
    </ClCompile>
    <ClCompile Include="..\..\Engines\ResourceManager.cpp">
      <Filter>Source Files\Engine</Filter>
    </ClCompile>
    <ClCompile Include="..\..\Engines\Scene.cpp">
      <Filter>Source Files\Engine</Filter>
    </ClCompile>
    <ClCompile Include="..\..\Actors\Components\AIInterface.cpp">
      <Filter>Source Files\Component</Filter>
    </ClCompile>
    <ClCompile Include="..\..\Actors\Components\BoxCollider.cpp">
      <Filter>Source Files\Component</Filter>
    </ClCompile>
    <ClCompile Include="..\..\Actors\Components\Button.cpp">
      <Filter>Source Files\Component</Filter>
    </ClCompile>
    <ClCompile Include="..\..\Actors\Components\CapsuleCollider.cpp">
      <Filter>Source Files\Component</Filter>
    </ClCompile>
    <ClCompile Include="..\..\Actors\Components\CharacterStatComponent.cpp">
      <Filter>Source Files\Component</Filter>
    </ClCompile>
    <ClCompile Include="..\..\Actors\Components\Collider.cpp">
      <Filter>Source Files\Component</Filter>
    </ClCompile>
    <ClCompile Include="..\..\Actors\Components\MeshRenderer.cpp">
      <Filter>Source Files\Component</Filter>
    </ClCompile>
    <ClCompile Include="..\..\Actors\Components\PhysicsComponentInterface.cpp">
      <Filter>Source Files\Component</Filter>
    </ClCompile>
    <ClCompile Include="..\..\Actors\Components\PlayerController.cpp">
      <Filter>Source Files\Component</Filter>
    </ClCompile>
    <ClCompile Include="..\..\Actors\Components\ProjectileComponent.cpp">
      <Filter>Source Files\Component</Filter>
    </ClCompile>
    <ClCompile Include="..\..\Actors\Components\Rigidbody.cpp">
      <Filter>Source Files\Component</Filter>
    </ClCompile>
    <ClCompile Include="..\..\Actors\Components\SpecialAbilityComponent.cpp">
      <Filter>Source Files\Component</Filter>
    </ClCompile>
    <ClCompile Include="..\..\Actors\Components\Sprite.cpp">
      <Filter>Source Files\Component</Filter>
    </ClCompile>
    <ClCompile Include="..\..\Actors\Components\Text.cpp">
      <Filter>Source Files\Component</Filter>
    </ClCompile>
    <ClCompile Include="..\..\Actors\Components\Transform.cpp">
      <Filter>Source Files\Component</Filter>
    </ClCompile>
    <ClCompile Include="..\..\Actors\Components\ActorComponent.cpp">
      <Filter>Source Files</Filter>
    </ClCompile>
    <ClCompile Include="..\..\Actors\Actor.cpp">
      <Filter>Source Files\Actor</Filter>
    </ClCompile>
  </ItemGroup>
  <ItemGroup>
    <ClInclude Include="..\..\..\Libs\tinyxml\tinystr.h">
      <Filter>XMLLoader</Filter>
    </ClInclude>
    <ClInclude Include="..\..\..\Libs\tinyxml\tinyxml.h">
      <Filter>XMLLoader</Filter>
    </ClInclude>
    <ClInclude Include="..\..\Actors\Actor.h">
      <Filter>Source Files\Actor</Filter>
    </ClInclude>
    <ClInclude Include="..\..\Actors\RenderableActor.h">
      <Filter>Source Files\Actor</Filter>
    </ClInclude>
    <ClInclude Include="..\..\Actors\Character.h">
      <Filter>Source Files\Actor</Filter>
    </ClInclude>
    <ClInclude Include="..\..\Actors\Player.h">
      <Filter>Source Files\Actor</Filter>
    </ClInclude>
    <ClInclude Include="..\..\Actors\Wall.h">
      <Filter>Source Files\Actor</Filter>
    </ClInclude>
    <ClInclude Include="..\..\Actors\Projectile.h">
      <Filter>Source Files\Actor</Filter>
    </ClInclude>
    <ClInclude Include="..\..\Actors\Timer.h">
      <Filter>Source Files\Actor</Filter>
    </ClInclude>
    <ClInclude Include="..\..\Actors\LevelManager.h">
      <Filter>Source Files\Actor</Filter>
    </ClInclude>
    <ClInclude Include="..\..\Actors\Floor.h">
      <Filter>Source Files\Actor</Filter>
    </ClInclude>
    <ClInclude Include="..\..\Actors\Enemy.h">
      <Filter>Source Files\Actor</Filter>
    </ClInclude>
    <ClInclude Include="..\..\Initializer.h">
      <Filter>Source Files\Engine</Filter>
    </ClInclude>
    <ClInclude Include="..\..\Engines\AudioEngine.hpp">
      <Filter>Source Files\Engine</Filter>
    </ClInclude>
    <ClInclude Include="..\..\Engines\Game.hpp">
      <Filter>Source Files\Engine</Filter>
    </ClInclude>
    <ClInclude Include="..\..\Engines\GraphicEngine.hpp">
      <Filter>Source Files\Engine</Filter>
    </ClInclude>
    <ClInclude Include="..\..\Engines\InputCommand.hpp">
      <Filter>Source Files\Engine</Filter>
    </ClInclude>
    <ClInclude Include="..\..\Engines\PhysicsEngine.hpp">
      <Filter>Source Files\Engine</Filter>
    </ClInclude>
    <ClInclude Include="..\..\Engines\ResourceManager.hpp">
      <Filter>Source Files\Engine</Filter>
    </ClInclude>
    <ClInclude Include="..\..\Engines\Scene.hpp">
      <Filter>Source Files\Engine</Filter>
    </ClInclude>
    <ClInclude Include="..\..\Actors\Components\AbilitiesInterface.h">
      <Filter>Source Files\Component</Filter>
    </ClInclude>
    <ClInclude Include="..\..\Actors\Components\ActorComponent.h">
      <Filter>Source Files\Component</Filter>
    </ClInclude>
    <ClInclude Include="..\..\Actors\Components\AIInterface.h">
      <Filter>Source Files\Component</Filter>
    </ClInclude>
    <ClInclude Include="..\..\Actors\Components\BoxCollider.h">
      <Filter>Source Files\Component</Filter>
    </ClInclude>
    <ClInclude Include="..\..\Actors\Components\Button.h">
      <Filter>Source Files\Component</Filter>
    </ClInclude>
    <ClInclude Include="..\..\Actors\Components\CapsuleCollider.h">
      <Filter>Source Files\Component</Filter>
    </ClInclude>
    <ClInclude Include="..\..\Actors\Components\CharacterStatComponent.h">
      <Filter>Source Files\Component</Filter>
    </ClInclude>
    <ClInclude Include="..\..\Actors\Components\Collider.h">
      <Filter>Source Files\Component</Filter>
    </ClInclude>
    <ClInclude Include="..\..\Actors\Components\InputInterface.h">
      <Filter>Source Files\Component</Filter>
    </ClInclude>
    <ClInclude Include="..\..\Actors\Components\MeshRenderer.h">
      <Filter>Source Files\Component</Filter>
    </ClInclude>
    <ClInclude Include="..\..\Actors\Components\PhysicsComponentInterface.h">
      <Filter>Source Files\Component</Filter>
    </ClInclude>
    <ClInclude Include="..\..\Actors\Components\PlayerController.h">
      <Filter>Source Files\Component</Filter>
    </ClInclude>
    <ClInclude Include="..\..\Actors\Components\ProjectileComponent.h">
      <Filter>Source Files\Component</Filter>
    </ClInclude>
    <ClInclude Include="..\..\Actors\Components\RendererInterface.h">
      <Filter>Source Files\Component</Filter>
    </ClInclude>
    <ClInclude Include="..\..\Actors\Components\Rigidbody.h">
      <Filter>Source Files\Component</Filter>
    </ClInclude>
    <ClInclude Include="..\..\Actors\Components\SpecialAbilityComponent.h">
      <Filter>Source Files\Component</Filter>
    </ClInclude>
    <ClInclude Include="..\..\Actors\Components\Sprite.h">
      <Filter>Source Files\Component</Filter>
    </ClInclude>
    <ClInclude Include="..\..\Actors\Components\Text.h">
      <Filter>Source Files\Component</Filter>
    </ClInclude>
    <ClInclude Include="..\..\Actors\Components\Transform.h">
      <Filter>Source Files\Component</Filter>
    </ClInclude>
    <ClInclude Include="..\..\Actors\Components\UIInterface.h">
      <Filter>Source Files\Component</Filter>
    </ClInclude>
    <ClInclude Include="..\..\Engines\InputInterface.h">
      <Filter>Source Files\Engine</Filter>
    </ClInclude>
  </ItemGroup>
</Project>