<?xml version="1.0" encoding="utf-8"?>
<Project ToolsVersion="4.0" xmlns="http://schemas.microsoft.com/developer/msbuild/2003">
  <ItemGroup>
    <Filter Include="Source Files">
      <UniqueIdentifier>{4FC737F1-C7A5-4376-A066-2A32D752A2FF}</UniqueIdentifier>
      <Extensions>cpp;c;cc;cxx;def;odl;idl;hpj;bat;asm;asmx</Extensions>
    </Filter>
    <Filter Include="Header Files">
      <UniqueIdentifier>{93995380-89BD-4b04-88EB-625FBE52EBFB}</UniqueIdentifier>
      <Extensions>h;hh;hpp;hxx;hm;inl;inc;ipp;xsd</Extensions>
    </Filter>
    <Filter Include="Resource Files">
      <UniqueIdentifier>{67DA6AB6-F800-4c08-8B7A-83BB121AAD01}</UniqueIdentifier>
      <Extensions>rc;ico;cur;bmp;dlg;rc2;rct;bin;rgs;gif;jpg;jpeg;jpe;resx;tiff;tif;png;wav;mfcribbon-ms</Extensions>
    </Filter>
    <Filter Include="XMLLoader">
      <UniqueIdentifier>{6c6f3d4a-7cb6-4363-afd4-e04277ecd53a}</UniqueIdentifier>
    </Filter>
    <Filter Include="Source Files\Actor">
      <UniqueIdentifier>{c7d8aba5-7ef4-4977-a691-7025bbeb3187}</UniqueIdentifier>
    </Filter>
    <Filter Include="Source Files\Engine">
      <UniqueIdentifier>{0e90c133-3717-4559-9078-abca49340792}</UniqueIdentifier>
    </Filter>
    <Filter Include="Source Files\Component">
      <UniqueIdentifier>{4a443fb3-de16-4171-b991-839ba75932b9}</UniqueIdentifier>
    </Filter>
    <Filter Include="Lua Scripts">
      <UniqueIdentifier>{43900291-ee4e-4b0c-8eb5-006fd3b408c5}</UniqueIdentifier>
    </Filter>
    <Filter Include="Source Files\Engine\Event">
      <UniqueIdentifier>{3b4b8a28-7f72-4e98-9a4e-5ed2e97448ca}</UniqueIdentifier>
    </Filter>
    <Filter Include="Gameplay">
      <UniqueIdentifier>{a06c43cd-a902-4ee8-b06f-61fcba5cb4aa}</UniqueIdentifier>
    </Filter>
  </ItemGroup>
  <ItemGroup>
    <ClCompile Include="..\..\..\Libs\tinyxml\tinyxmlparser.cpp">
      <Filter>XMLLoader</Filter>
    </ClCompile>
    <ClCompile Include="..\..\..\Libs\tinyxml\tinystr.cpp">
      <Filter>XMLLoader</Filter>
    </ClCompile>
    <ClCompile Include="..\..\..\Libs\tinyxml\tinyxml.cpp">
      <Filter>XMLLoader</Filter>
    </ClCompile>
    <ClCompile Include="..\..\..\Libs\tinyxml\tinyxmlerror.cpp">
      <Filter>XMLLoader</Filter>
    </ClCompile>
    <ClCompile Include="..\..\main.cpp">
      <Filter>Source Files</Filter>
    </ClCompile>
    <ClCompile Include="..\..\Engines\AudioEngine.cpp">
      <Filter>Source Files\Engine</Filter>
    </ClCompile>
    <ClCompile Include="..\..\Engines\Game.cpp">
      <Filter>Source Files\Engine</Filter>
    </ClCompile>
    <ClCompile Include="..\..\Engines\GraphicEngine.cpp">
      <Filter>Source Files\Engine</Filter>
    </ClCompile>
    <ClCompile Include="..\..\Engines\Initializer.cpp">
      <Filter>Source Files\Engine</Filter>
    </ClCompile>
    <ClCompile Include="..\..\Engines\InputCommand.cpp">
      <Filter>Source Files\Engine</Filter>
    </ClCompile>
    <ClCompile Include="..\..\Engines\PhysicsEngine.cpp">
      <Filter>Source Files\Engine</Filter>
    </ClCompile>
    <ClCompile Include="..\..\Engines\ResourceManager.cpp">
      <Filter>Source Files\Engine</Filter>
    </ClCompile>
    <ClCompile Include="..\..\Engines\Scene.cpp">
      <Filter>Source Files\Engine</Filter>
    </ClCompile>
    <ClCompile Include="..\..\Engines\Time.cpp">
      <Filter>Source Files\Engine</Filter>
    </ClCompile>
    <ClCompile Include="..\..\Engines\Utils.cpp">
      <Filter>Source Files\Engine</Filter>
    </ClCompile>
    <ClCompile Include="..\..\Actors\Actor.cpp">
      <Filter>Source Files\Actor</Filter>
    </ClCompile>
    <ClCompile Include="..\..\Actors\Components\RendererComponent.cpp">
      <Filter>Source Files\Component</Filter>
    </ClCompile>
    <ClCompile Include="..\..\Actors\Components\Rigidbody.cpp">
      <Filter>Source Files\Component</Filter>
    </ClCompile>
    <ClCompile Include="..\..\Actors\Components\ScriptComponent.cpp">
      <Filter>Source Files\Component</Filter>
    </ClCompile>
    <ClCompile Include="..\..\Actors\Components\Transform.cpp">
      <Filter>Source Files\Component</Filter>
    </ClCompile>
    <ClCompile Include="..\..\Actors\Components\AudioComponent.cpp">
      <Filter>Source Files\Component</Filter>
    </ClCompile>
    <ClCompile Include="..\..\Engines\Event\EventManager.cpp">
      <Filter>Source Files\Engine\Event</Filter>
    </ClCompile>
    <ClCompile Include="..\..\Engines\Event\EventMapper.cpp">
      <Filter>Source Files\Engine\Event</Filter>
    </ClCompile>
    <ClCompile Include="..\..\Engines\Event\EventType.cpp">
      <Filter>Source Files\Engine\Event</Filter>
    </ClCompile>
    <ClCompile Include="..\..\Engines\SceneManager.cpp">
      <Filter>Source Files\Engine</Filter>
    </ClCompile>
    <ClCompile Include="..\..\Engines\XMLCompiler.cpp">
      <Filter>Source Files\Engine</Filter>
    </ClCompile>
    <ClCompile Include="..\..\Actors\Components\AnimatedSprite.cpp">
      <Filter>Source Files\Component</Filter>
    </ClCompile>
    <ClCompile Include="..\..\Actors\Components\Animation.cpp">
      <Filter>Source Files\Component</Filter>
    </ClCompile>
    <ClCompile Include="..\..\Engines\ScriptManager.cpp">
      <Filter>Source Files\Engine</Filter>
    </ClCompile>
  </ItemGroup>
  <ItemGroup>
    <ClInclude Include="..\..\..\Libs\tinyxml\tinystr.h">
      <Filter>XMLLoader</Filter>
    </ClInclude>
    <ClInclude Include="..\..\..\Libs\tinyxml\tinyxml.h">
      <Filter>XMLLoader</Filter>
    </ClInclude>
    <ClInclude Include="..\..\Engines\AudioEngine.hpp">
      <Filter>Source Files\Engine</Filter>
    </ClInclude>
    <ClInclude Include="..\..\Engines\Game.h">
      <Filter>Source Files\Engine</Filter>
    </ClInclude>
    <ClInclude Include="..\..\Engines\GraphicEngine.hpp">
      <Filter>Source Files\Engine</Filter>
    </ClInclude>
    <ClInclude Include="..\..\Engines\Initializer.h">
      <Filter>Source Files\Engine</Filter>
    </ClInclude>
    <ClInclude Include="..\..\Engines\InputCommand.hpp">
      <Filter>Source Files\Engine</Filter>
    </ClInclude>
    <ClInclude Include="..\..\Engines\InputInterface.h">
      <Filter>Source Files\Engine</Filter>
    </ClInclude>
    <ClInclude Include="..\..\Engines\PhysicsEngine.hpp">
      <Filter>Source Files\Engine</Filter>
    </ClInclude>
    <ClInclude Include="..\..\Engines\ResourceManager.hpp">
      <Filter>Source Files\Engine</Filter>
    </ClInclude>
    <ClInclude Include="..\..\Engines\Scene.h">
      <Filter>Source Files\Engine</Filter>
    </ClInclude>
    <ClInclude Include="..\..\Engines\Time.h">
      <Filter>Source Files\Engine</Filter>
    </ClInclude>
    <ClInclude Include="..\..\Engines\Utils.h">
      <Filter>Source Files\Engine</Filter>
    </ClInclude>
    <ClInclude Include="..\..\Actors\Actor.h">
      <Filter>Source Files\Actor</Filter>
    </ClInclude>
    <ClInclude Include="..\..\Actors\Components\ActorComponent.h">
      <Filter>Source Files\Component</Filter>
    </ClInclude>
    <ClInclude Include="..\..\Actors\Components\RendererComponent.h">
      <Filter>Source Files\Component</Filter>
    </ClInclude>
    <ClInclude Include="..\..\Actors\Components\Rigidbody.h">
      <Filter>Source Files\Component</Filter>
    </ClInclude>
    <ClInclude Include="..\..\Actors\Components\ScriptComponent.h">
      <Filter>Source Files\Component</Filter>
    </ClInclude>
    <ClInclude Include="..\..\Actors\Components\Transform.h">
      <Filter>Source Files\Component</Filter>
    </ClInclude>
    <ClInclude Include="..\..\Actors\Components\AudioComponent.h">
      <Filter>Source Files\Component</Filter>
    </ClInclude>
    <ClInclude Include="..\..\Engines\Event\Event.h">
      <Filter>Source Files\Engine\Event</Filter>
    </ClInclude>
    <ClInclude Include="..\..\Engines\Event\EventHandler.h">
      <Filter>Source Files\Engine\Event</Filter>
    </ClInclude>
    <ClInclude Include="..\..\Engines\Event\EventManager.h">
      <Filter>Source Files\Engine\Event</Filter>
    </ClInclude>
    <ClInclude Include="..\..\Engines\Event\EventMapper.h">
      <Filter>Source Files\Engine\Event</Filter>
    </ClInclude>
    <ClInclude Include="..\..\Engines\Event\EventType.h">
      <Filter>Source Files\Engine\Event</Filter>
    </ClInclude>
    <ClInclude Include="..\..\Engines\Event\ExampleLoadedEvent.h">
      <Filter>Source Files\Engine\Event</Filter>
    </ClInclude>
    <ClInclude Include="..\..\Engines\Event\KeyEvent.h">
      <Filter>Source Files\Engine\Event</Filter>
    </ClInclude>
    <ClInclude Include="..\..\Engines\Event\MouseEvent.h">
      <Filter>Source Files\Engine\Event</Filter>
    </ClInclude>
    <ClInclude Include="resource.h">
      <Filter>Header Files</Filter>
    </ClInclude>
    <ClInclude Include="..\..\Engines\SceneManager.h">
      <Filter>Source Files\Engine</Filter>
    </ClInclude>
    <ClInclude Include="..\..\Engines\XMLCompiler.h">
      <Filter>Source Files\Engine</Filter>
    </ClInclude>
    <ClInclude Include="..\..\Actors\Components\AnimatedSprite.h">
      <Filter>Source Files\Component</Filter>
    </ClInclude>
    <ClInclude Include="..\..\Actors\Components\Animation.h">
      <Filter>Source Files\Component</Filter>
    </ClInclude>
    <ClInclude Include="..\..\Engines\ScriptManager.hpp">
      <Filter>Source Files\Engine</Filter>
    </ClInclude>
    <ClInclude Include="..\..\Gameplay\Gameplay.h">
      <Filter>Gameplay</Filter>
    </ClInclude>
  </ItemGroup>
  <ItemGroup>
    <None Include="..\..\Lua\test.lua">
      <Filter>Lua Scripts</Filter>
    </None>
  </ItemGroup>
  <ItemGroup>
    <ResourceCompile Include="Menu.rc">
      <Filter>Resource Files</Filter>
    </ResourceCompile>
  </ItemGroup>
</Project>